
Microsoft Visual Studio Solution File, Format Version 12.00
# Visual Studio 15
VisualStudioVersion = 15.0.27130.2020
MinimumVisualStudioVersion = 10.0.40219.1
Project("{9A19103F-16F7-4668-BE54-9A1E7A4F7556}") = "Crypto227", "Crypto227\Crypto227.csproj", "{415EFA10-DC2B-42D4-A502-DE2E01B9CC36}"
EndProject
Global
	GlobalSection(SolutionConfigurationPlatforms) = preSolution
		Debug|Any CPU = Debug|Any CPU
		Release|Any CPU = Release|Any CPU
	EndGlobalSection
	GlobalSection(ProjectConfigurationPlatforms) = postSolution
		{415EFA10-DC2B-42D4-A502-DE2E01B9CC36}.Debug|Any CPU.ActiveCfg = Debug|Any CPU
		{415EFA10-DC2B-42D4-A502-DE2E01B9CC36}.Debug|Any CPU.Build.0 = Debug|Any CPU
		{415EFA10-DC2B-42D4-A502-DE2E01B9CC36}.Release|Any CPU.ActiveCfg = Release|Any CPU
		{415EFA10-DC2B-42D4-A502-DE2E01B9CC36}.Release|Any CPU.Build.0 = Release|Any CPU
	EndGlobalSection
	GlobalSection(SolutionProperties) = preSolution
		HideSolutionNode = FALSE
	EndGlobalSection
	GlobalSection(ExtensibilityGlobals) = postSolution
		SolutionGuid = {91753DC7-8CA4-49F3-938B-AA4D8F0FBFB3}
	EndGlobalSection
EndGlobal
